homeassistant:
  customize:
    sensor.light_fade_time:
      hidden: true
    sensor.light_fade_time_hour:
      hidden: true
    sensor.light_fade_time_minute:
      hidden: true
    sensor.time:
      hidden: true
    sensor.laatste_journaal:
      hidden: true

input_boolean:
  alarm_clock_status:
    name: Wekker
    icon: mdi:alarm
  alarm_clock_play_news:
    name: Journaal afspelen
    icon: mdi:television

input_datetime:
  alarm_clock_time_workdays:
    name: Tijd werkdagen
    has_date: false
    has_time: true
  alarm_clock_time_days_off:
    name: Tijd vrije dagen
    has_date: false
    has_time: true

input_number:
  morning_lights_fadein:
    name: "Wake-up light duur"
    icon: mdi:lightbulb-on-outline
    min: 0
    max: 30
    step: 1
    mode: slider
    unit_of_measurement: minuten

binary_sensor:
  - platform: workday
    country: NL

sensor:
  - platform: time_date
    display_options:
      - time
  - platform: template
    sensors:
      alarm_clock_today_hour:
        value_template: >-
          {%- if states.binary_sensor.workday_sensor.state == 'on' -%}
            {{ states.input_datetime.alarm_clock_time_workdays.attributes.hour }}
          {%- else -%}
            {{ states.input_datetime.alarm_clock_time_days_off.attributes.hour }}
          {%- endif -%}
      alarm_clock_today_minute:
        value_template: >-
          {%- if states.binary_sensor.workday_sensor.state == 'on' -%}
            {{ states.input_datetime.alarm_clock_time_workdays.attributes.minute }}
          {%- else -%}
            {{ states.input_datetime.alarm_clock_time_days_off.attributes.minute }}
          {%- endif -%}
      alarm_clock_today_time:
        friendly_name: "Wektijd vandaag"
        value_template: >-
          {%- if states.sensor.alarm_clock_today_hour.state|length == 1 -%}
            0
          {%- endif -%}
            {{ states.sensor.alarm_clock_today_hour.state }}:
          {%- if states.sensor.alarm_clock_today_minute.state|length == 1 -%}
            0
          {%- endif -%}
            {{ states.sensor.alarm_clock_today_minute.state }}
      light_fade_time_hour:
        friendly_name: "Light fade-in time hour"
        value_template: >-
          {%- if (states.sensor.alarm_clock_today_minute.state|int - states.input_number.morning_lights_fadein.state|int) >= 0 -%}
            {{ states.sensor.alarm_clock_today_hour.state }}
          {%- elif states.sensor.alarm_clock_today_hour.state|int < 1 -%}
            23
          {%- else -%}
            {{ states.sensor.alarm_clock_today_hour.state|int - 1 }}
          {%- endif -%}
      light_fade_time_minute:
        friendly_name: "Light fade-in time minutes"
        value_template: >-
          {%- if (states.sensor.alarm_clock_today_minute.state|int - states.input_number.morning_lights_fadein.state|int) >= 0 -%}
            {{ states.sensor.alarm_clock_today_minute.state|int - states.input_number.morning_lights_fadein.state|int }}
          {%- else -%}
            {{ 60 - ((states.sensor.alarm_clock_today_minute.state|int - states.input_number.morning_lights_fadein.state|int) * -1) }}
          {%- endif -%}
      light_fade_time:
        friendly_name: "Light fade-in time"
        value_template: >-
          {%- if states.sensor.light_fade_time_hour.state|length == 1 -%}
            0
          {%- endif -%}
            {{ states.sensor.light_fade_time_hour.state }}:
          {%- if states.sensor.light_fade_time_minute.state|length == 1 -%}
            0
          {%- endif -%}
            {{ states.sensor.light_fade_time_minute.state }}
  - platform: scrape
    name: Laatste journaal
    resource: https://nos.nl/uitzending/nos-journaal.html
    select: 'video source[data-label*="720p"]'
    attribute: src

group:
  alarm_clock:
    name: Wekker
    icon: mdi:alarm
    control: hidden
    entities:
      - input_boolean.alarm_clock_status
      - input_datetime.alarm_clock_time_workdays
      - input_datetime.alarm_clock_time_days_off
      - sensor.alarm_clock_today_time
      - input_boolean.alarm_clock_play_news
      - input_number.morning_lights_fadein

automation:
  - id: alarm_clock_start_light_fade_in
    alias: Alarm Clock start fade-in
    initial_state: 'on'
    hide_entity: False
    trigger:
    - platform: template
      value_template: '{{ states.sensor.time.state == states.sensor.light_fade_time.state }}'
    condition:
      condition: and
      conditions:
      - condition: state
        entity_id: input_boolean.alarm_clock_status
        state: 'on'
      - condition: state
        entity_id: person.luuk
        state: 'home'
    action:
    - service: light.turn_on
      data_template:
        entity_id: light.slaapkamer
        profile: "default"
        transition: "{{ states.input_number.morning_lights_fadein.state|int * 60 }}"
        brightness: 170

  - id: alarm_clock_activated
    alias: Alarm Clock Activated
    initial_state: 'on'
    hide_entity: false
    trigger:
    - platform: template
      value_template: "{{ states.sensor.time.state == states.sensor.alarm_clock_today_time.state }}"
    condition:
      condition: and
      conditions:
      - condition: state
        entity_id: input_boolean.alarm_clock_status
        state: 'on'
      - condition: state
        entity_id: person.luuk
        state: 'home'
      - condition: state
        entity_id: input_boolean.alarm_clock_play_news
        state: 'on'
    action:
    - service: switch.turn_on
      entity_id: switch.tv_slaapkamer
    - service: media_player.turn_on
      entity_id: media_player.slaapkamer
    - delay: "00:00:10"
    - service: media_player.play_media
      data_template:
        entity_id: media_player.slaapkamer
        media_content_id: "{{ states.sensor.laatste_journaal.state }}"
        media_content_type: "video/mp4"

  - id: alarm_clock_disabled_reminder
    alias: Wekker herinnering
    initial_state: 'on'
    trigger:
    - platform: state
      entity_id: input_boolean.slapen
      from: 'off'
      to: 'on'
    condition:
      condition: and
      conditions:
      - condition: state
        entity_id: input_boolean.alarm_clock_status
        state: 'off'
    action:
      service: notify.ios_iphone_van_luuk
      data:
        title: "⏰ Wekker staat uit"
        message: "Wil je de wekker inschakelen?"
        data:
          push:
            category: "enable_alarm_clock"
            thread-id: "alarm_clock"

  - id: handle_notification_enable_alarm_clock
    alias: Wekker inschakelen notificatie afhandelen
    initial_state: 'on'
    hide_entity: True
    trigger:
      platform: event
      event_type: ios.notification_action_fired
      event_data:
        actionName: ENABLE_ALARM_CLOCK
    action:
      - service: input_boolean.turn_on
        data:
          entity_id: input_boolean.alarm_clock_status